// !$*UTF8*$!
{
	archiveVersion = 1;
	classes = {
	};
	objectVersion = 56;
	objects = {

/* Begin PBXBuildFile section */
		C612968F2B7F17550081C56D /* Memory_MatchApp.swift in Sources */ = {isa = PBXBuildFile; fileRef = C612968E2B7F17550081C56D /* Memory_MatchApp.swift */; };
		C61296912B7F17550081C56D /* ContentView.swift in Sources */ = {isa = PBXBuildFile; fileRef = C61296902B7F17550081C56D /* ContentView.swift */; };
		C61296932B7F17560081C56D /* Assets.xcassets in Resources */ = {isa = PBXBuildFile; fileRef = C61296922B7F17560081C56D /* Assets.xcassets */; };
		C61296972B7F17560081C56D /* Preview Assets.xcassets in Resources */ = {isa = PBXBuildFile; fileRef = C61296962B7F17560081C56D /* Preview Assets.xcassets */; };
		C61296A12B7F17570081C56D /* Memory_MatchTests.swift in Sources */ = {isa = PBXBuildFile; fileRef = C61296A02B7F17570081C56D /* Memory_MatchTests.swift */; };
		C61296AB2B7F17570081C56D /* Memory_MatchUITests.swift in Sources */ = {isa = PBXBuildFile; fileRef = C61296AA2B7F17570081C56D /* Memory_MatchUITests.swift */; };
		C61296AD2B7F17570081C56D /* Memory_MatchUITestsLaunchTests.swift in Sources */ = {isa = PBXBuildFile; fileRef = C61296AC2B7F17570081C56D /* Memory_MatchUITestsLaunchTests.swift */; };
/* End PBXBuildFile section */

/* Begin PBXContainerItemProxy section */
		C612969D2B7F17570081C56D /* PBXContainerItemProxy */ = {
			isa = PBXContainerItemProxy;
			containerPortal = C61296832B7F17550081C56D /* Project object */;
			proxyType = 1;
			remoteGlobalIDString = C612968A2B7F17550081C56D;
			remoteInfo = "Memory Match";
		};
		C61296A72B7F17570081C56D /* PBXContainerItemProxy */ = {
			isa = PBXContainerItemProxy;
			containerPortal = C61296832B7F17550081C56D /* Project object */;
			proxyType = 1;
			remoteGlobalIDString = C612968A2B7F17550081C56D;
			remoteInfo = "Memory Match";
		};
/* End PBXContainerItemProxy section */

/* Begin PBXFileReference section */
		C612968B2B7F17550081C56D /* Memory Match.app */ = {isa = PBXFileReference; explicitFileType = wrapper.application; includeInIndex = 0; path = "Memory Match.app"; sourceTree = BUILT_PRODUCTS_DIR; };
		C612968E2B7F17550081C56D /* Memory_MatchApp.swift */ = {isa = PBXFileReference; lastKnownFileType = sourcecode.swift; path = Memory_MatchApp.swift; sourceTree = "<group>"; };
		C61296902B7F17550081C56D /* ContentView.swift */ = {isa = PBXFileReference; lastKnownFileType = sourcecode.swift; path = ContentView.swift; sourceTree = "<group>"; };
		C61296922B7F17560081C56D /* Assets.xcassets */ = {isa = PBXFileReference; lastKnownFileType = folder.assetcatalog; path = Assets.xcassets; sourceTree = "<group>"; };
		C61296942B7F17560081C56D /* Memory_Match.entitlements */ = {isa = PBXFileReference; lastKnownFileType = text.plist.entitlements; path = Memory_Match.entitlements; sourceTree = "<group>"; };
		C61296962B7F17560081C56D /* Preview Assets.xcassets */ = {isa = PBXFileReference; lastKnownFileType = folder.assetcatalog; path = "Preview Assets.xcassets"; sourceTree = "<group>"; };
		C612969C2B7F17570081C56D /* Memory MatchTests.xctest */ = {isa = PBXFileReference; explicitFileType = wrapper.cfbundle; includeInIndex = 0; path = "Memory MatchTests.xctest"; sourceTree = BUILT_PRODUCTS_DIR; };
		C61296A02B7F17570081C56D /* Memory_MatchTests.swift */ = {isa = PBXFileReference; lastKnownFileType = sourcecode.swift; path = Memory_MatchTests.swift; sourceTree = "<group>"; };
		C61296A62B7F17570081C56D /* Memory MatchUITests.xctest */ = {isa = PBXFileReference; explicitFileType = wrapper.cfbundle; includeInIndex = 0; path = "Memory MatchUITests.xctest"; sourceTree = BUILT_PRODUCTS_DIR; };
		C61296AA2B7F17570081C56D /* Memory_MatchUITests.swift */ = {isa = PBXFileReference; lastKnownFileType = sourcecode.swift; path = Memory_MatchUITests.swift; sourceTree = "<group>"; };
		C61296AC2B7F17570081C56D /* Memory_MatchUITestsLaunchTests.swift */ = {isa = PBXFileReference; lastKnownFileType = sourcecode.swift; path = Memory_MatchUITestsLaunchTests.swift; sourceTree = "<group>"; };
/* End PBXFileReference section */

/* Begin PBXFrameworksBuildPhase section */
		C61296882B7F17550081C56D /* Frameworks */ = {
			isa = PBXFrameworksBuildPhase;
			buildActionMask = 2147483647;
			files = (
			);
			runOnlyForDeploymentPostprocessing = 0;
		};
		C61296992B7F17570081C56D /* Frameworks */ = {
			isa = PBXFrameworksBuildPhase;
			buildActionMask = 2147483647;
			files = (
			);
			runOnlyForDeploymentPostprocessing = 0;
		};
		C61296A32B7F17570081C56D /* Frameworks */ = {
			isa = PBXFrameworksBuildPhase;
			buildActionMask = 2147483647;
			files = (
			);
			runOnlyForDeploymentPostprocessing = 0;
		};
/* End PBXFrameworksBuildPhase section */

/* Begin PBXGroup section */
		C61296822B7F17550081C56D = {
			isa = PBXGroup;
			children = (
				C612968D2B7F17550081C56D /* Memory Match */,
				C612969F2B7F17570081C56D /* Memory MatchTests */,
				C61296A92B7F17570081C56D /* Memory MatchUITests */,
				C612968C2B7F17550081C56D /* Products */,
			);
			sourceTree = "<group>";
		};
		C612968C2B7F17550081C56D /* Products */ = {
			isa = PBXGroup;
			children = (
				C612968B2B7F17550081C56D /* Memory Match.app */,
				C612969C2B7F17570081C56D /* Memory MatchTests.xctest */,
				C61296A62B7F17570081C56D /* Memory MatchUITests.xctest */,
			);
			name = Products;
			sourceTree = "<group>";
		};
		C612968D2B7F17550081C56D /* Memory Match */ = {
			isa = PBXGroup;
			children = (
				C612968E2B7F17550081C56D /* Memory_MatchApp.swift */,
				C61296902B7F17550081C56D /* ContentView.swift */,
				C61296922B7F17560081C56D /* Assets.xcassets */,
				C61296942B7F17560081C56D /* Memory_Match.entitlements */,
				C61296952B7F17560081C56D /* Preview Content */,
			);
			path = "Memory Match";
			sourceTree = "<group>";
		};
		C61296952B7F17560081C56D /* Preview Content */ = {
			isa = PBXGroup;
			children = (
				C61296962B7F17560081C56D /* Preview Assets.xcassets */,
			);
			path = "Preview Content";
			sourceTree = "<group>";
		};
		C612969F2B7F17570081C56D /* Memory MatchTests */ = {
			isa = PBXGroup;
			children = (
				C61296A02B7F17570081C56D /* Memory_MatchTests.swift */,
			);
			path = "Memory MatchTests";
			sourceTree = "<group>";
		};
		C61296A92B7F17570081C56D /* Memory MatchUITests */ = {
			isa = PBXGroup;
			children = (
				C61296AA2B7F17570081C56D /* Memory_MatchUITests.swift */,
				C61296AC2B7F17570081C56D /* Memory_MatchUITestsLaunchTests.swift */,
			);
			path = "Memory MatchUITests";
			sourceTree = "<group>";
		};
/* End PBXGroup section */

/* Begin PBXNativeTarget section */
		C612968A2B7F17550081C56D /* Memory Match */ = {
			isa = PBXNativeTarget;
			buildConfigurationList = C61296B02B7F17570081C56D /* Build configuration list for PBXNativeTarget "Memory Match" */;
			buildPhases = (
				C61296872B7F17550081C56D /* Sources */,
				C61296882B7F17550081C56D /* Frameworks */,
				C61296892B7F17550081C56D /* Resources */,
			);
			buildRules = (
			);
			dependencies = (
			);
			name = "Memory Match";
			productName = "Memory Match";
			productReference = C612968B2B7F17550081C56D /* Memory Match.app */;
			productType = "com.apple.product-type.application";
		};
		C612969B2B7F17570081C56D /* Memory MatchTests */ = {
			isa = PBXNativeTarget;
			buildConfigurationList = C61296B32B7F17570081C56D /* Build configuration list for PBXNativeTarget "Memory MatchTests" */;
			buildPhases = (
				C61296982B7F17570081C56D /* Sources */,
				C61296992B7F17570081C56D /* Frameworks */,
				C612969A2B7F17570081C56D /* Resources */,
			);
			buildRules = (
			);
			dependencies = (
				C612969E2B7F17570081C56D /* PBXTargetDependency */,
			);
			name = "Memory MatchTests";
			productName = "Memory MatchTests";
			productReference = C612969C2B7F17570081C56D /* Memory MatchTests.xctest */;
			productType = "com.apple.product-type.bundle.unit-test";
		};
		C61296A52B7F17570081C56D /* Memory MatchUITests */ = {
			isa = PBXNativeTarget;
			buildConfigurationList = C61296B62B7F17570081C56D /* Build configuration list for PBXNativeTarget "Memory MatchUITests" */;
			buildPhases = (
				C61296A22B7F17570081C56D /* Sources */,
				C61296A32B7F17570081C56D /* Frameworks */,
				C61296A42B7F17570081C56D /* Resources */,
			);
			buildRules = (
			);
			dependencies = (
				C61296A82B7F17570081C56D /* PBXTargetDependency */,
			);
			name = "Memory MatchUITests";
			productName = "Memory MatchUITests";
			productReference = C61296A62B7F17570081C56D /* Memory MatchUITests.xctest */;
			productType = "com.apple.product-type.bundle.ui-testing";
		};
/* End PBXNativeTarget section */

/* Begin PBXProject section */
		C61296832B7F17550081C56D /* Project object */ = {
			isa = PBXProject;
			attributes = {
				BuildIndependentTargetsInParallel = 1;
				LastSwiftUpdateCheck = 1520;
				LastUpgradeCheck = 1520;
				TargetAttributes = {
					C612968A2B7F17550081C56D = {
						CreatedOnToolsVersion = 15.2;
					};
					C612969B2B7F17570081C56D = {
						CreatedOnToolsVersion = 15.2;
						TestTargetID = C612968A2B7F17550081C56D;
					};
					C61296A52B7F17570081C56D = {
						CreatedOnToolsVersion = 15.2;
						TestTargetID = C612968A2B7F17550081C56D;
					};
				};
			};
			buildConfigurationList = C61296862B7F17550081C56D /* Build configuration list for PBXProject "Memory Match" */;
			compatibilityVersion = "Xcode 14.0";
			developmentRegion = en;
			hasScannedForEncodings = 0;
			knownRegions = (
				en,
				Base,
			);
			mainGroup = C61296822B7F17550081C56D;
			productRefGroup = C612968C2B7F17550081C56D /* Products */;
			projectDirPath = "";
			projectRoot = "";
			targets = (
				C612968A2B7F17550081C56D /* Memory Match */,
				C612969B2B7F17570081C56D /* Memory MatchTests */,
				C61296A52B7F17570081C56D /* Memory MatchUITests */,
			);
		};
/* End PBXProject section */

/* Begin PBXResourcesBuildPhase section */
		C61296892B7F17550081C56D /* Resources */ = {
			isa = PBXResourcesBuildPhase;
			buildActionMask = 2147483647;
			files = (
				C61296972B7F17560081C56D /* Preview Assets.xcassets in Resources */,
				C61296932B7F17560081C56D /* Assets.xcassets in Resources */,
			);
			runOnlyForDeploymentPostprocessing = 0;
		};
		C612969A2B7F17570081C56D /* Resources */ = {
			isa = PBXResourcesBuildPhase;
			buildActionMask = 2147483647;
			files = (
			);
			runOnlyForDeploymentPostprocessing = 0;
		};
		C61296A42B7F17570081C56D /* Resources */ = {
			isa = PBXResourcesBuildPhase;
			buildActionMask = 2147483647;
			files = (
			);
			runOnlyForDeploymentPostprocessing = 0;
		};
/* End PBXResourcesBuildPhase section */

/* Begin PBXSourcesBuildPhase section */
		C61296872B7F17550081C56D /* Sources */ = {
			isa = PBXSourcesBuildPhase;
			buildActionMask = 2147483647;
			files = (
				C61296912B7F17550081C56D /* ContentView.swift in Sources */,
				C612968F2B7F17550081C56D /* Memory_MatchApp.swift in Sources */,
			);
			runOnlyForDeploymentPostprocessing = 0;
		};
		C61296982B7F17570081C56D /* Sources */ = {
			isa = PBXSourcesBuildPhase;
			buildActionMask = 2147483647;
			files = (
				C61296A12B7F17570081C56D /* Memory_MatchTests.swift in Sources */,
			);
			runOnlyForDeploymentPostprocessing = 0;
		};
		C61296A22B7F17570081C56D /* Sources */ = {
			isa = PBXSourcesBuildPhase;
			buildActionMask = 2147483647;
			files = (
				C61296AB2B7F17570081C56D /* Memory_MatchUITests.swift in Sources */,
				C61296AD2B7F17570081C56D /* Memory_MatchUITestsLaunchTests.swift in Sources */,
			);
			runOnlyForDeploymentPostprocessing = 0;
		};
/* End PBXSourcesBuildPhase section */

/* Begin PBXTargetDependency section */
		C612969E2B7F17570081C56D /* PBXTargetDependency */ = {
			isa = PBXTargetDependency;
			target = C612968A2B7F17550081C56D /* Memory Match */;
			targetProxy = C612969D2B7F17570081C56D /* PBXContainerItemProxy */;
		};
		C61296A82B7F17570081C56D /* PBXTargetDependency */ = {
			isa = PBXTargetDependency;
			target = C612968A2B7F17550081C56D /* Memory Match */;
			targetProxy = C61296A72B7F17570081C56D /* PBXContainerItemProxy */;
		};
/* End PBXTargetDependency section */

/* Begin XCBuildConfiguration section */
		C61296AE2B7F17570081C56D /* Debug */ = {
			isa = XCBuildConfiguration;
			buildSettings = {
				ALWAYS_SEARCH_USER_PATHS = NO;
				ASSETCATALOG_COMPILER_GENERATE_SWIFT_ASSET_SYMBOL_EXTENSIONS = YES;
				CLANG_ANALYZER_NONNULL = YES;
				CLANG_ANALYZER_NUMBER_OBJECT_CONVERSION = YES_AGGRESSIVE;
				CLANG_CXX_LANGUAGE_STANDARD = "gnu++20";
				CLANG_ENABLE_MODULES = YES;
				CLANG_ENABLE_OBJC_ARC = YES;
				CLANG_ENABLE_OBJC_WEAK = YES;
				CLANG_WARN_BLOCK_CAPTURE_AUTORELEASING = YES;
				CLANG_WARN_BOOL_CONVERSION = YES;
				CLANG_WARN_COMMA = YES;
				CLANG_WARN_CONSTANT_CONVERSION = YES;
				CLANG_WARN_DEPRECATED_OBJC_IMPLEMENTATIONS = YES;
				CLANG_WARN_DIRECT_OBJC_ISA_USAGE = YES_ERROR;
				CLANG_WARN_DOCUMENTATION_COMMENTS = YES;
				CLANG_WARN_EMPTY_BODY = YES;
				CLANG_WARN_ENUM_CONVERSION = YES;
				CLANG_WARN_INFINITE_RECURSION = YES;
				CLANG_WARN_INT_CONVERSION = YES;
				CLANG_WARN_NON_LITERAL_NULL_CONVERSION = YES;
				CLANG_WARN_OBJC_IMPLICIT_RETAIN_SELF = YES;
				CLANG_WARN_OBJC_LITERAL_CONVERSION = YES;
				CLANG_WARN_OBJC_ROOT_CLASS = YES_ERROR;
				CLANG_WARN_QUOTED_INCLUDE_IN_FRAMEWORK_HEADER = YES;
				CLANG_WARN_RANGE_LOOP_ANALYSIS = YES;
				CLANG_WARN_STRICT_PROTOTYPES = YES;
				CLANG_WARN_SUSPICIOUS_MOVE = YES;
				CLANG_WARN_UNGUARDED_AVAILABILITY = YES_AGGRESSIVE;
				CLANG_WARN_UNREACHABLE_CODE = YES;
				CLANG_WARN__DUPLICATE_METHOD_MATCH = YES;
				COPY_PHASE_STRIP = NO;
				DEBUG_INFORMATION_FORMAT = dwarf;
				ENABLE_STRICT_OBJC_MSGSEND = YES;
				ENABLE_TESTABILITY = YES;
				ENABLE_USER_SCRIPT_SANDBOXING = YES;
				GCC_C_LANGUAGE_STANDARD = gnu17;
				GCC_DYNAMIC_NO_PIC = NO;
				GCC_NO_COMMON_BLOCKS = YES;
				GCC_OPTIMIZATION_LEVEL = 0;
				GCC_PREPROCESSOR_DEFINITIONS = (
					"DEBUG=1",
					"$(inherited)",
				);
				GCC_WARN_64_TO_32_BIT_CONVERSION = YES;
				GCC_WARN_ABOUT_RETURN_TYPE = YES_ERROR;
				GCC_WARN_UNDECLARED_SELECTOR = YES;
				GCC_WARN_UNINITIALIZED_AUTOS = YES_AGGRESSIVE;
				GCC_WARN_UNUSED_FUNCTION = YES;
				GCC_WARN_UNUSED_VARIABLE = YES;
				LOCALIZATION_PREFERS_STRING_CATALOGS = YES;
				MTL_ENABLE_DEBUG_INFO = INCLUDE_SOURCE;
				MTL_FAST_MATH = YES;
				ONLY_ACTIVE_ARCH = YES;
				SWIFT_ACTIVE_COMPILATION_CONDITIONS = "DEBUG $(inherited)";
				SWIFT_OPTIMIZATION_LEVEL = "-Onone";
			};
			name = Debug;
		};
		C61296AF2B7F17570081C56D /* Release */ = {
			isa = XCBuildConfiguration;
			buildSettings = {
				ALWAYS_SEARCH_USER_PATHS = NO;
				ASSETCATALOG_COMPILER_GENERATE_SWIFT_ASSET_SYMBOL_EXTENSIONS = YES;
				CLANG_ANALYZER_NONNULL = YES;
				CLANG_ANALYZER_NUMBER_OBJECT_CONVERSION = YES_AGGRESSIVE;
				CLANG_CXX_LANGUAGE_STANDARD = "gnu++20";
				CLANG_ENABLE_MODULES = YES;
				CLANG_ENABLE_OBJC_ARC = YES;
				CLANG_ENABLE_OBJC_WEAK = YES;
				CLANG_WARN_BLOCK_CAPTURE_AUTORELEASING = YES;
				CLANG_WARN_BOOL_CONVERSION = YES;
				CLANG_WARN_COMMA = YES;
				CLANG_WARN_CONSTANT_CONVERSION = YES;
				CLANG_WARN_DEPRECATED_OBJC_IMPLEMENTATIONS = YES;
				CLANG_WARN_DIRECT_OBJC_ISA_USAGE = YES_ERROR;
				CLANG_WARN_DOCUMENTATION_COMMENTS = YES;
				CLANG_WARN_EMPTY_BODY = YES;
				CLANG_WARN_ENUM_CONVERSION = YES;
				CLANG_WARN_INFINITE_RECURSION = YES;
				CLANG_WARN_INT_CONVERSION = YES;
				CLANG_WARN_NON_LITERAL_NULL_CONVERSION = YES;
				CLANG_WARN_OBJC_IMPLICIT_RETAIN_SELF = YES;
				CLANG_WARN_OBJC_LITERAL_CONVERSION = YES;
				CLANG_WARN_OBJC_ROOT_CLASS = YES_ERROR;
				CLANG_WARN_QUOTED_INCLUDE_IN_FRAMEWORK_HEADER = YES;
				CLANG_WARN_RANGE_LOOP_ANALYSIS = YES;
				CLANG_WARN_STRICT_PROTOTYPES = YES;
				CLANG_WARN_SUSPICIOUS_MOVE = YES;
				CLANG_WARN_UNGUARDED_AVAILABILITY = YES_AGGRESSIVE;
				CLANG_WARN_UNREACHABLE_CODE = YES;
				CLANG_WARN__DUPLICATE_METHOD_MATCH = YES;
				COPY_PHASE_STRIP = NO;
				DEBUG_INFORMATION_FORMAT = "dwarf-with-dsym";
				ENABLE_NS_ASSERTIONS = NO;
				ENABLE_STRICT_OBJC_MSGSEND = YES;
				ENABLE_USER_SCRIPT_SANDBOXING = YES;
				GCC_C_LANGUAGE_STANDARD = gnu17;
				GCC_NO_COMMON_BLOCKS = YES;
				GCC_WARN_64_TO_32_BIT_CONVERSION = YES;
				GCC_WARN_ABOUT_RETURN_TYPE = YES_ERROR;
				GCC_WARN_UNDECLARED_SELECTOR = YES;
				GCC_WARN_UNINITIALIZED_AUTOS = YES_AGGRESSIVE;
				GCC_WARN_UNUSED_FUNCTION = YES;
				GCC_WARN_UNUSED_VARIABLE = YES;
				LOCALIZATION_PREFERS_STRING_CATALOGS = YES;
				MTL_ENABLE_DEBUG_INFO = NO;
				MTL_FAST_MATH = YES;
				SWIFT_COMPILATION_MODE = wholemodule;
			};
			name = Release;
		};
		C61296B12B7F17570081C56D /* Debug */ = {
			isa = XCBuildConfiguration;
			buildSettings = {
				ASSETCATALOG_COMPILER_APPICON_NAME = AppIcon;
				ASSETCATALOG_COMPILER_GLOBAL_ACCENT_COLOR_NAME = AccentColor;
				CODE_SIGN_ENTITLEMENTS = "Memory Match/Memory_Match.entitlements";
				CODE_SIGN_STYLE = Automatic;
				CURRENT_PROJECT_VERSION = 1;
				DEVELOPMENT_ASSET_PATHS = "\"Memory Match/Preview Content\"";
				DEVELOPMENT_TEAM = TA5CDQDA6K;
				ENABLE_HARDENED_RUNTIME = YES;
				ENABLE_PREVIEWS = YES;
				GENERATE_INFOPLIST_FILE = YES;
				"INFOPLIST_KEY_UIApplicationSceneManifest_Generation[sdk=iphoneos*]" = YES;
				"INFOPLIST_KEY_UIApplicationSceneManifest_Generation[sdk=iphonesimulator*]" = YES;
				"INFOPLIST_KEY_UIApplicationSupportsIndirectInputEvents[sdk=iphoneos*]" = YES;
				"INFOPLIST_KEY_UIApplicationSupportsIndirectInputEvents[sdk=iphonesimulator*]" = YES;
				"INFOPLIST_KEY_UILaunchScreen_Generation[sdk=iphoneos*]" = YES;
				"INFOPLIST_KEY_UILaunchScreen_Generation[sdk=iphonesimulator*]" = YES;
				"INFOPLIST_KEY_UIStatusBarStyle[sdk=iphoneos*]" = UIStatusBarStyleDefault;
				"INFOPLIST_KEY_UIStatusBarStyle[sdk=iphonesimulator*]" = UIStatusBarStyleDefault;
				INFOPLIST_KEY_UISupportedInterfaceOrientations_iPad = "UIInterfaceOrientationPortrait UIInterfaceOrientationPortraitUpsideDown UIInterfaceOrientationLandscapeLeft UIInterfaceOrientationLandscapeRight";
				INFOPLIST_KEY_UISupportedInterfaceOrientations_iPhone = "UIInterfaceOrientationPortrait UIInterfaceOrientationLandscapeLeft UIInterfaceOrientationLandscapeRight";
				IPHONEOS_DEPLOYMENT_TARGET = 17.2;
				LD_RUNPATH_SEARCH_PATHS = "@executable_path/Frameworks";
				"LD_RUNPATH_SEARCH_PATHS[sdk=macosx*]" = "@executable_path/../Frameworks";
				MACOSX_DEPLOYMENT_TARGET = 14.2;
				MARKETING_VERSION = 1.0;
				PRODUCT_BUNDLE_IDENTIFIER = "com.brendanbax.Memory-Match";
				PRODUCT_NAME = "$(TARGET_NAME)";
				SDKROOT = auto;
				SUPPORTED_PLATFORMS = "iphoneos iphonesimulator macosx";
				SWIFT_EMIT_LOC_STRINGS = YES;
				SWIFT_VERSION = 5.0;
				TARGETED_DEVICE_FAMILY = "1,2";
			};
			name = Debug;
		};
		C61296B22B7F17570081C56D /* Release */ = {
			isa = XCBuildConfiguration;
			buildSettings = {
				ASSETCATALOG_COMPILER_APPICON_NAME = AppIcon;
				ASSETCATALOG_COMPILER_GLOBAL_ACCENT_COLOR_NAME = AccentColor;
				CODE_SIGN_ENTITLEMENTS = "Memory Match/Memory_Match.entitlements";
				CODE_SIGN_STYLE = Automatic;
				CURRENT_PROJECT_VERSION = 1;
				DEVELOPMENT_ASSET_PATHS = "\"Memory Match/Preview Content\"";
				DEVELOPMENT_TEAM = TA5CDQDA6K;
				ENABLE_HARDENED_RUNTIME = YES;
				ENABLE_PREVIEWS = YES;
				GENERATE_INFOPLIST_FILE = YES;
				"INFOPLIST_KEY_UIApplicationSceneManifest_Generation[sdk=iphoneos*]" = YES;
				"INFOPLIST_KEY_UIApplicationSceneManifest_Generation[sdk=iphonesimulator*]" = YES;
				"INFOPLIST_KEY_UIApplicationSupportsIndirectInputEvents[sdk=iphoneos*]" = YES;
				"INFOPLIST_KEY_UIApplicationSupportsIndirectInputEvents[sdk=iphonesimulator*]" = YES;
				"INFOPLIST_KEY_UILaunchScreen_Generation[sdk=iphoneos*]" = YES;
				"INFOPLIST_KEY_UILaunchScreen_Generation[sdk=iphonesimulator*]" = YES;
				"INFOPLIST_KEY_UIStatusBarStyle[sdk=iphoneos*]" = UIStatusBarStyleDefault;
				"INFOPLIST_KEY_UIStatusBarStyle[sdk=iphonesimulator*]" = UIStatusBarStyleDefault;
				INFOPLIST_KEY_UISupportedInterfaceOrientations_iPad = "UIInterfaceOrientationPortrait UIInterfaceOrientationPortraitUpsideDown UIInterfaceOrientationLandscapeLeft UIInterfaceOrientationLandscapeRight";
				INFOPLIST_KEY_UISupportedInterfaceOrientations_iPhone = "UIInterfaceOrientationPortrait UIInterfaceOrientationLandscapeLeft UIInterfaceOrientationLandscapeRight";
				IPHONEOS_DEPLOYMENT_TARGET = 17.2;
				LD_RUNPATH_SEARCH_PATHS = "@executable_path/Frameworks";
				"LD_RUNPATH_SEARCH_PATHS[sdk=macosx*]" = "@executable_path/../Frameworks";
				MACOSX_DEPLOYMENT_TARGET = 14.2;
				MARKETING_VERSION = 1.0;
				PRODUCT_BUNDLE_IDENTIFIER = "com.brendanbax.Memory-Match";
				PRODUCT_NAME = "$(TARGET_NAME)";
				SDKROOT = auto;
				SUPPORTED_PLATFORMS = "iphoneos iphonesimulator macosx";
				SWIFT_EMIT_LOC_STRINGS = YES;
				SWIFT_VERSION = 5.0;
				TARGETED_DEVICE_FAMILY = "1,2";
			};
			name = Release;
		};
		C61296B42B7F17570081C56D /* Debug */ = {
			isa = XCBuildConfiguration;
			buildSettings = {
				ALWAYS_EMBED_SWIFT_STANDARD_LIBRARIES = YES;
				BUNDLE_LOADER = "$(TEST_HOST)";
				CODE_SIGN_STYLE = Automatic;
				CURRENT_PROJECT_VERSION = 1;
				DEVELOPMENT_TEAM = TA5CDQDA6K;
				GENERATE_INFOPLIST_FILE = YES;
				IPHONEOS_DEPLOYMENT_TARGET = 17.2;
				MACOSX_DEPLOYMENT_TARGET = 14.2;
				MARKETING_VERSION = 1.0;
				PRODUCT_BUNDLE_IDENTIFIER = "com.brendanbax.Memory-MatchTests";
				PRODUCT_NAME = "$(TARGET_NAME)";
				SDKROOT = auto;
				SUPPORTED_PLATFORMS = "iphoneos iphonesimulator macosx";
				SWIFT_EMIT_LOC_STRINGS = NO;
				SWIFT_VERSION = 5.0;
				TARGETED_DEVICE_FAMILY = "1,2";
				TEST_HOST = "$(BUILT_PRODUCTS_DIR)/Memory Match.app/$(BUNDLE_EXECUTABLE_FOLDER_PATH)/Memory Match";
			};
			name = Debug;
		};
		C61296B52B7F17570081C56D /* Release */ = {
			isa = XCBuildConfiguration;
			buildSettings = {
				ALWAYS_EMBED_SWIFT_STANDARD_LIBRARIES = YES;
				BUNDLE_LOADER = "$(TEST_HOST)";
				CODE_SIGN_STYLE = Automatic;
				CURRENT_PROJECT_VERSION = 1;
				DEVELOPMENT_TEAM = TA5CDQDA6K;
				GENERATE_INFOPLIST_FILE = YES;
				IPHONEOS_DEPLOYMENT_TARGET = 17.2;
				MACOSX_DEPLOYMENT_TARGET = 14.2;
				MARKETING_VERSION = 1.0;
				PRODUCT_BUNDLE_IDENTIFIER = "com.brendanbax.Memory-MatchTests";
				PRODUCT_NAME = "$(TARGET_NAME)";
				SDKROOT = auto;
				SUPPORTED_PLATFORMS = "iphoneos iphonesimulator macosx";
				SWIFT_EMIT_LOC_STRINGS = NO;
				SWIFT_VERSION = 5.0;
				TARGETED_DEVICE_FAMILY = "1,2";
				TEST_HOST = "$(BUILT_PRODUCTS_DIR)/Memory Match.app/$(BUNDLE_EXECUTABLE_FOLDER_PATH)/Memory Match";
			};
			name = Release;
		};
		C61296B72B7F17570081C56D /* Debug */ = {
			isa = XCBuildConfiguration;
			buildSettings = {
				ALWAYS_EMBED_SWIFT_STANDARD_LIBRARIES = YES;
				CODE_SIGN_STYLE = Automatic;
				CURRENT_PROJECT_VERSION = 1;
				DEVELOPMENT_TEAM = TA5CDQDA6K;
				GENERATE_INFOPLIST_FILE = YES;
				IPHONEOS_DEPLOYMENT_TARGET = 17.2;
				MACOSX_DEPLOYMENT_TARGET = 14.2;
				MARKETING_VERSION = 1.0;
				PRODUCT_BUNDLE_IDENTIFIER = "com.brendanbax.Memory-MatchUITests";
				PRODUCT_NAME = "$(TARGET_NAME)";
				SDKROOT = auto;
				SUPPORTED_PLATFORMS = "iphoneos iphonesimulator macosx";
				SWIFT_EMIT_LOC_STRINGS = NO;
				SWIFT_VERSION = 5.0;
				TARGETED_DEVICE_FAMILY = "1,2";
				TEST_TARGET_NAME = "Memory Match";
			};
			name = Debug;
		};
		C61296B82B7F17570081C56D /* Release */ = {
			isa = XCBuildConfiguration;
			buildSettings = {
				ALWAYS_EMBED_SWIFT_STANDARD_LIBRARIES = YES;
				CODE_SIGN_STYLE = Automatic;
				CURRENT_PROJECT_VERSION = 1;
				DEVELOPMENT_TEAM = TA5CDQDA6K;
				GENERATE_INFOPLIST_FILE = YES;
				IPHONEOS_DEPLOYMENT_TARGET = 17.2;
				MACOSX_DEPLOYMENT_TARGET = 14.2;
				MARKETING_VERSION = 1.0;
				PRODUCT_BUNDLE_IDENTIFIER = "com.brendanbax.Memory-MatchUITests";
				PRODUCT_NAME = "$(TARGET_NAME)";
				SDKROOT = auto;
				SUPPORTED_PLATFORMS = "iphoneos iphonesimulator macosx";
				SWIFT_EMIT_LOC_STRINGS = NO;
				SWIFT_VERSION = 5.0;
				TARGETED_DEVICE_FAMILY = "1,2";
				TEST_TARGET_NAME = "Memory Match";
			};
			name = Release;
		};
/* End XCBuildConfiguration section */

/* Begin XCConfigurationList section */
		C61296862B7F17550081C56D /* Build configuration list for PBXProject "Memory Match" */ = {
			isa = XCConfigurationList;
			buildConfigurations = (
				C61296AE2B7F17570081C56D /* Debug */,
				C61296AF2B7F17570081C56D /* Release */,
			);
			defaultConfigurationIsVisible = 0;
			defaultConfigurationName = Release;
		};
		C61296B02B7F17570081C56D /* Build configuration list for PBXNativeTarget "Memory Match" */ = {
			isa = XCConfigurationList;
			buildConfigurations = (
				C61296B12B7F17570081C56D /* Debug */,
				C61296B22B7F17570081C56D /* Release */,
			);
			defaultConfigurationIsVisible = 0;
			defaultConfigurationName = Release;
		};
		C61296B32B7F17570081C56D /* Build configuration list for PBXNativeTarget "Memory MatchTests" */ = {
			isa = XCConfigurationList;
			buildConfigurations = (
				C61296B42B7F17570081C56D /* Debug */,
				C61296B52B7F17570081C56D /* Release */,
			);
			defaultConfigurationIsVisible = 0;
			defaultConfigurationName = Release;
		};
		C61296B62B7F17570081C56D /* Build configuration list for PBXNativeTarget "Memory MatchUITests" */ = {
			isa = XCConfigurationList;
			buildConfigurations = (
				C61296B72B7F17570081C56D /* Debug */,
				C61296B82B7F17570081C56D /* Release */,
			);
			defaultConfigurationIsVisible = 0;
			defaultConfigurationName = Release;
		};
/* End XCConfigurationList section */
	};
	rootObject = C61296832B7F17550081C56D /* Project object */;
}
